
Microsoft Visual Studio Solution File, Format Version 12.00
# Visual Studio Version 16
VisualStudioVersion = 16.0.30517.126
MinimumVisualStudioVersion = 10.0.40219.1
Project("{FAE04EC0-301F-11D3-BF4B-00C04F79EFBC}") = "TicTacToeFinal", "TicTacToeFinal.csproj", "{CFB4EA4B-C563-48E1-BB09-E21E65B2D92F}"
EndProject
Global
	GlobalSection(SolutionConfigurationPlatforms) = preSolution
		Debug|Any CPU = Debug|Any CPU
		Release|Any CPU = Release|Any CPU
	EndGlobalSection
	GlobalSection(ProjectConfigurationPlatforms) = postSolution
		{CFB4EA4B-C563-48E1-BB09-E21E65B2D92F}.Debug|Any CPU.ActiveCfg = Debug|Any CPU
		{CFB4EA4B-C563-48E1-BB09-E21E65B2D92F}.Debug|Any CPU.Build.0 = Debug|Any CPU
		{CFB4EA4B-C563-48E1-BB09-E21E65B2D92F}.Release|Any CPU.ActiveCfg = Release|Any CPU
		{CFB4EA4B-C563-48E1-BB09-E21E65B2D92F}.Release|Any CPU.Build.0 = Release|Any CPU
	EndGlobalSection
	GlobalSection(SolutionProperties) = preSolution
		HideSolutionNode = FALSE
	EndGlobalSection
	GlobalSection(ExtensibilityGlobals) = postSolution
		SolutionGuid = {9BF65F3A-7C36-46EF-860C-7E9528395579}
	EndGlobalSection
EndGlobal
